<?xml version="1.0" encoding="utf-8"?>
<Project ToolsVersion="4.0" xmlns="http://schemas.microsoft.com/developer/msbuild/2003">
  <ItemGroup>
    <ClCompile Include="Main.cpp" />
    <ClCompile Include="RandomNumberGenerator.cpp" />
    <ClCompile Include="Tile.cpp" />
    <ClCompile Include="SfmlCamera.cpp">
      <Filter>SfmlComponents</Filter>
    </ClCompile>
    <ClCompile Include="SfmlInput.cpp">
      <Filter>SfmlComponents</Filter>
    </ClCompile>
    <ClCompile Include="SfmlWindow.cpp">
      <Filter>SfmlComponents</Filter>
    </ClCompile>
    <ClCompile Include="TileMap.cpp" />
    <ClCompile Include="AntAgent.cpp" />
  </ItemGroup>
  <ItemGroup>
    <ClInclude Include="RandomNumberGenerator.h" />
    <ClInclude Include="Tile.h" />
    <ClInclude Include="SfmlWindow.h">
      <Filter>SfmlComponents</Filter>
    </ClInclude>
    <ClInclude Include="SfmlCamera.h">
      <Filter>SfmlComponents</Filter>
    </ClInclude>
    <ClInclude Include="SfmlInput.h">
      <Filter>SfmlComponents</Filter>
    </ClInclude>
    <ClInclude Include="TileMap.h" />
    <ClInclude Include="AntAgent.h" />
  </ItemGroup>
  <ItemGroup>
    <Filter Include="SfmlComponents">
      <UniqueIdentifier>{940a2458-8620-45d5-98dd-8e8f1dc17c39}</UniqueIdentifier>
    </Filter>
  </ItemGroup>
</Project>